{
    "_meta": {
        "hash": {
            "sha256": "22165573f31aaba51917c1ed5837658efd4088736572812b4ecf7a72b5192bef"
        },
        "pipfile-spec": 6,
        "requires": {
            "python_version": "3.9"
        },
        "sources": [
            {
                "name": "pypi",
                "url": "https://pypi.org/simple",
                "verify_ssl": true
            }
        ]
    },
    "default": {
        "appnope": {
            "hashes": [
                "sha256:93aa393e9d6c54c5cd570ccadd8edad61ea0c4b9ea7a01409020c9aa019eb442",
                "sha256:dd83cd4b5b460958838f6eb3000c660b1f9caf2a5b1de4264e941512f603258a"
            ],
            "markers": "sys_platform == 'darwin'",
            "version": "==0.1.2"
        },
        "asttokens": {
            "hashes": [
                "sha256:0844691e88552595a6f4a4281a9f7f79b8dd45ca4ccea82e5e05b4bbdb76705c",
                "sha256:9a54c114f02c7a9480d56550932546a3f1fe71d8a02f1bc7ccd0ee3ee35cf4d5"
            ],
            "version": "==2.0.5"
        },
        "asyncio": {
            "hashes": [
                "sha256:83360ff8bc97980e4ff25c964c7bd3923d333d177aa4f7fb736b019f26c7cb41",
                "sha256:b62c9157d36187eca799c378e572c969f0da87cd5fc42ca372d92cdb06e7e1de",
                "sha256:c46a87b48213d7464f22d9a497b9eef8c1928b68320a2fa94240f969f6fec08c",
                "sha256:c4d18b22701821de07bd6aea8b53d21449ec0ec5680645e5317062ea21817d2d"
            ],
            "index": "pypi",
            "version": "==3.4.3"
        },
        "backcall": {
            "hashes": [
                "sha256:5cbdbf27be5e7cfadb448baf0aa95508f91f2bbc6c6437cd9cd06e2a4c215e1e",
                "sha256:fbbce6a29f263178a1f7915c1940bde0ec2b2a967566fe1c65c1dfb7422bd255"
            ],
            "version": "==0.2.0"
        },
        "decorator": {
            "hashes": [
                "sha256:637996211036b6385ef91435e4fae22989472f9d571faba8927ba8253acbc330",
                "sha256:b8c3f85900b9dc423225913c5aace94729fe1fa9763b38939a95226f02d37186"
            ],
            "markers": "python_version >= '3.5'",
            "version": "==5.1.1"
        },
        "executing": {
            "hashes": [
                "sha256:c6554e21c6b060590a6d3be4b82fb78f8f0194d809de5ea7df1c093763311501",
                "sha256:d1eef132db1b83649a3905ca6dd8897f71ac6f8cac79a7e58a1a09cf137546c9"
            ],
            "version": "==0.8.3"
        },
        "ipython": {
            "hashes": [
                "sha256:6f56bfaeaa3247aa3b9cd3b8cbab3a9c0abf7428392f97b21902d12b2f42a381",
                "sha256:8138762243c9b3a3ffcf70b37151a2a35c23d3a29f9743878c33624f4207be3d"
            ],
            "markers": "python_version >= '3.7'",
            "version": "==8.1.1"
        },
        "jedi": {
            "hashes": [
                "sha256:637c9635fcf47945ceb91cd7f320234a7be540ded6f3e99a50cb6febdfd1ba8d",
                "sha256:74137626a64a99c8eb6ae5832d99b3bdd7d29a3850fe2aa80a4126b2a7d949ab"
            ],
            "markers": "python_version >= '3.6'",
            "version": "==0.18.1"
        },
        "line-profiler": {
            "hashes": [
                "sha256:02eea377d5483eb85bc2271118f2d9c8744d210798be92e38c10ce3484373fdc",
                "sha256:08b14602b493907ed3586b5e93b69aeb96c7fe78caabb7eb6e9ff1ff7b22aae7",
                "sha256:0bc64d2affea5c11d6143024c8c1a7b9da9c9b7769669efb80effc1dd4feb3fb",
                "sha256:135e5c2014b1ca6c60d444bf9867d11feb09525b90920f9fc0e451fbc2559b8b",
                "sha256:1a0424d6606176e6272469cc1ee0b08cabc0f5286d0231d381762a1167125c7e",
                "sha256:1e09fa5d19d1f46815422f1c0fbfe4a2ed7cbdcbef6123d84de342e3606a3266",
                "sha256:207d9992eb0afece6cdf58af9fabc8936e7738a55537866990a7bf680a7de6fb",
                "sha256:29a708bb392b83a1f8782a5b6c3bc8985fd5241e34e30853ecf9234d0404ad95",
                "sha256:2ec3d25a02d9b4be09c36f23934ff054a0df1a45eb6503e3945a487eb316ee70",
                "sha256:2fbc2a321efa77d512a47de1a8b2ee41960b4a035ba5f2cfab206f82bd6f0317",
                "sha256:31356727045d9f38ffde7c29e521bb85fb9c0e14ee0090bfd24dc952a0a23981",
                "sha256:3496bbcaeb1223fc3b77b9facfb1229f2018367a1993d8fdb486d1c41418b22a",
                "sha256:364689e6eb106905a24559d1372d093dbc7b62e3bb8e9ffbcbd65fb34da3f064",
                "sha256:3f5223a271025e598e1d3857ec3c6a34f6160c9e7496e7a635bcb336c646f79f",
                "sha256:483673e337505ab6abdd68fa575439c7f29154d36d2a535a482a3c020055399e",
                "sha256:4b4c3e6d899f372c514b0321416241fe79e6ae4301f5e78a18cf2a3680c874e9",
                "sha256:5e6306903d3750e7740620fa92151d129bb3c081ab1f8776b2e4263f9f715864",
                "sha256:62e07f3cd5ec6690eb6ec339861317f3063e6927679ff3c7478e153f2438e410",
                "sha256:6795393d5365ae039296275fbdf224d32353fa9b5fbc9924c020119896a1b5f1",
                "sha256:6a946a3a246bb86504965863a211aef34108fe4e11955fa78128ceaacb83ff22",
                "sha256:6aabd9e4c1859083219005f941e6bbadd71cdb48645d3dd548719092ec192705",
                "sha256:6cdc9f0bff33221b8145a13d421e8e70a898d86cc45bdd39c83e38ac7f5658cb",
                "sha256:6db3e7c306027f6baeda72ad91b7f85947bc3e41c4e6406138a4ca81d994a510",
                "sha256:703c85e8237b6336d0f762fd895c919b5a0db0fd89be2e450d4d8875b3881b27",
                "sha256:78f5310f32c1311ddcf4007f473cd0366b19fca988174ff28ef713447665ccc5",
                "sha256:8e94ff5c6be71e65c201dd51b3fc6b22ff0a8331dca7ee5ff7e2776a772b86d9",
                "sha256:9941d224ec9c9787528240999b666a7f454d7383100515c8508a86bbf2147b18",
                "sha256:9c87a9f07e00ee4a71cf0ae69f63eaf55416a0f756cab9c7a621fa8c4eb850f7",
                "sha256:a539f4aff8338fb36ed21f8bb0910d9c1c2a42f68bf1bf41f23c9dc68db90e87",
                "sha256:a5e56481cdf9f3a65bf39ec9ddc22b39ac19cd167964944d3aacbd037882b4b6",
                "sha256:a695403a08365eecffe3abdb9f140f2f73c77a6801208c8ebdc0d0357d306415",
                "sha256:b6b0a8100a2829358e31ef7c6f427b1dcf2b1d8e5d38b55b219719ecf758aee5",
                "sha256:b8d66cc1f3e70dad49ecf98915139d505c2d9f4f1cb2775b7fb83d6603763d1a",
                "sha256:c526f7002993b3e70e6d164862250099b764a36f5e8eedd59b3eb38504edb8b0",
                "sha256:c73994cc599870df7efde004f445d81826cbcedffb14d3d82642c6ea13495f6e",
                "sha256:c8660d2d75a454eeb876dd94caad7c9e8db11970a4678386cab8bc64d8ef65f1",
                "sha256:c882542947dd271c663aa16ccc800808f6f071e4fd478731ddea4424f6a5cc00",
                "sha256:c893718b0b7678d593f1ccab31c2bcfa638a5368d7e9e2ebafb060d70a10f695",
                "sha256:d70994abc5de3ec500a56b9c652c51510a5cbb7f6c78bf7990ce7b94cc0ba916",
                "sha256:db63d5e959320dd0ad7f03146b32ec7c6d07fead0335c9dd82033231cf67b6a1",
                "sha256:e767c41c0447a31e58976e8721346897aa61bc9b102a80a221619e2b3f6c8a47",
                "sha256:f3c9e7bb3ee8914adbd4da8ceb6260aed2b91a15d285205d10dd2f6c313452e7",
                "sha256:f9767eca7e7bf2e18fd41135a7e801fe3a9396b9d58480de18449cf9a9005269",
                "sha256:fa67fb3c5e0e914dfb310106562e2162840bef2970f44271fa67aae94ef46bfd",
                "sha256:fb04fbd0038869054869dd9a3eb00f23377908228477530227a3b706a4a98b68",
                "sha256:ff0f2a42920545358b04ea466b8725dc0dec6ed6d0b5c1054219666416937b81"
            ],
            "index": "pypi",
            "version": "==3.4.0"
        },
        "line-profiler-pycharm": {
            "hashes": [
                "sha256:3b9d80571d44685a7c5a01e3985965cd76fe523c22db6250cefb4a75ebd73fc7",
                "sha256:e419de1db1b0ed49213d0b9ee33f99f24f6a2d431c7a76d39361f2c2a031af30"
            ],
            "index": "pypi",
            "version": "==1.1.0"
        },
        "matplotlib-inline": {
            "hashes": [
                "sha256:a04bfba22e0d1395479f866853ec1ee28eea1485c1d69a6faf00dc3e24ff34ee",
                "sha256:aed605ba3b72462d64d475a21a9296f400a19c4f74a31b59103d2a99ffd5aa5c"
            ],
            "markers": "python_version >= '3.5'",
            "version": "==0.1.3"
        },
        "parso": {
            "hashes": [
                "sha256:8c07be290bb59f03588915921e29e8a50002acaf2cdc5fa0e0114f91709fafa0",
                "sha256:c001d4636cd3aecdaf33cbb40aebb59b094be2a74c556778ef5576c175e19e75"
            ],
            "markers": "python_version >= '3.6'",
            "version": "==0.8.3"
        },
        "pexpect": {
            "hashes": [
                "sha256:0b48a55dcb3c05f3329815901ea4fc1537514d6ba867a152b581d69ae3710937",
                "sha256:fc65a43959d153d0114afe13997d439c22823a27cefceb5ff35c2178c6784c0c"
            ],
            "markers": "sys_platform != 'win32'",
            "version": "==4.8.0"
        },
        "pickleshare": {
            "hashes": [
                "sha256:87683d47965c1da65cdacaf31c8441d12b8044cdec9aca500cd78fc2c683afca",
                "sha256:9649af414d74d4df115d5d718f82acb59c9d418196b7b4290ed47a12ce62df56"
            ],
            "version": "==0.7.5"
        },
        "prompt-toolkit": {
            "hashes": [
                "sha256:30129d870dcb0b3b6a53efdc9d0a83ea96162ffd28ffe077e94215b233dc670c",
                "sha256:9f1cd16b1e86c2968f2519d7fb31dd9d669916f515612c269d14e9ed52b51650"
            ],
            "markers": "python_full_version >= '3.6.2'",
            "version": "==3.0.28"
        },
        "ptyprocess": {
            "hashes": [
                "sha256:4b41f3967fce3af57cc7e94b888626c18bf37a083e3651ca8feeb66d492fef35",
                "sha256:5c5d0a3b48ceee0b48485e0c26037c0acd7d29765ca3fbb5cb3831d347423220"
            ],
            "version": "==0.7.0"
        },
        "pure-eval": {
            "hashes": [
                "sha256:01eaab343580944bc56080ebe0a674b39ec44a945e6d09ba7db3cb8cec289350",
                "sha256:2b45320af6dfaa1750f543d714b6d1c520a1688dec6fd24d339063ce0aaa9ac3"
            ],
            "version": "==0.2.2"
        },
        "pygments": {
            "hashes": [
                "sha256:44238f1b60a76d78fc8ca0528ee429702aae011c265fe6a8dd8b63049ae41c65",
                "sha256:4e426f72023d88d03b2fa258de560726ce890ff3b630f88c21cbb8b2503b8c6a"
            ],
            "markers": "python_version >= '3.5'",
            "version": "==2.11.2"
        },
        "setuptools": {
            "hashes": [
                "sha256:6599055eeb23bfef457d5605d33a4d68804266e6cb430b0fb12417c5efeae36c",
                "sha256:782ef48d58982ddb49920c11a0c5c9c0b02e7d7d1c2ad0aa44e1a1e133051c96"
            ],
            "markers": "python_version >= '3.7'",
            "version": "==60.10.0"
        },
        "six": {
            "hashes": [
                "sha256:1e61c37477a1626458e36f7b1d82aa5c9b094fa4802892072e49de9c60c4c926",
                "sha256:8abb2f1d86890a2dfb989f9a77cfcfd3e47c2a354b01111771326f8aa26e0254"
            ],
            "markers": "python_version >= '2.7' and python_version not in '3.0, 3.1, 3.2, 3.3'",
            "version": "==1.16.0"
        },
        "stack-data": {
            "hashes": [
                "sha256:45692d41bd633a9503a5195552df22b583caf16f0b27c4e58c98d88c8b648e12",
                "sha256:999762f9c3132308789affa03e9271bbbe947bf78311851f4d485d8402ed858e"
            ],
            "version": "==0.2.0"
        },
        "traitlets": {
            "hashes": [
                "sha256:059f456c5a7c1c82b98c2e8c799f39c9b8128f6d0d46941ee118daace9eb70c7",
                "sha256:2d313cc50a42cd6c277e7d7dc8d4d7fedd06a2c215f78766ae7b1a66277e0033"
            ],
            "markers": "python_version >= '3.7'",
            "version": "==5.1.1"
        },
        "wcwidth": {
            "hashes": [
                "sha256:beb4802a9cebb9144e99086eff703a642a13d6a0052920003a230f3294bbe784",
                "sha256:c4d647b99872929fdb7bdcaa4fbe7f01413ed3d98077df798530e5b04f116c83"
            ],
            "version": "==0.2.5"
        },
        "yappi": {
            "hashes": [
                "sha256:855890cd9a90d833dd2df632d648de8ccd0a4c3131f1edc8abd004db0625b5e8"
            ],
            "index": "pypi",
            "version": "==1.3.3"
        }
    },
    "develop": {}
}
